
Microsoft Visual Studio Solution File, Format Version 11.00
# Visual Studio 2010
Project("{FAE04EC0-301F-11D3-BF4B-00C04F79EFBC}") = "Assembly-CSharp", "Assembly-CSharp.csproj", "{05cb4e79-fdcb-3589-3aab-60a345ffb41d}"
EndProject
Project("{FAE04EC0-301F-11D3-BF4B-00C04F79EFBC}") = "Assembly-CSharp-firstpass", "Assembly-CSharp-firstpass.csproj", "{10e6c760-3cdc-ab2a-21b2-7fb7cd16af3d}"
EndProject
Global
	GlobalSection(SolutionConfigurationPlatforms) = preSolution
		Debug|Any CPU = Debug|Any CPU
	EndGlobalSection
	GlobalSection(ProjectConfigurationPlatforms) = postSolution
		{05cb4e79-fdcb-3589-3aab-60a345ffb41d}.Debug|Any CPU.ActiveCfg = Debug|Any CPU
		{05cb4e79-fdcb-3589-3aab-60a345ffb41d}.Debug|Any CPU.Build.0 = Debug|Any CPU
		{10e6c760-3cdc-ab2a-21b2-7fb7cd16af3d}.Debug|Any CPU.ActiveCfg = Debug|Any CPU
		{10e6c760-3cdc-ab2a-21b2-7fb7cd16af3d}.Debug|Any CPU.Build.0 = Debug|Any CPU
	EndGlobalSection
	GlobalSection(SolutionProperties) = preSolution
		HideSolutionNode = FALSE
	EndGlobalSection
EndGlobal
